// !$*UTF8*$!
{
	archiveVersion = 1;
	classes = {
	};
	objectVersion = 46;
	objects = {

/* Begin PBXBuildFile section */
		A3EF0CF81C48F74400A70E1E /* main.m in Sources */ = {isa = PBXBuildFile; fileRef = A3EF0CF71C48F74400A70E1E /* main.m */; };
		A3EF0CFB1C48F74400A70E1E /* AppDelegate.m in Sources */ = {isa = PBXBuildFile; fileRef = A3EF0CFA1C48F74400A70E1E /* AppDelegate.m */; };
		A3EF0CFE1C48F74400A70E1E /* ViewController.m in Sources */ = {isa = PBXBuildFile; fileRef = A3EF0CFD1C48F74400A70E1E /* ViewController.m */; };
		A3EF0D011C48F74400A70E1E /* Main.storyboard in Resources */ = {isa = PBXBuildFile; fileRef = A3EF0CFF1C48F74400A70E1E /* Main.storyboard */; };
		A3EF0D031C48F74400A70E1E /* Assets.xcassets in Resources */ = {isa = PBXBuildFile; fileRef = A3EF0D021C48F74400A70E1E /* Assets.xcassets */; };
		A3EF0D061C48F74400A70E1E /* LaunchScreen.storyboard in Resources */ = {isa = PBXBuildFile; fileRef = A3EF0D041C48F74400A70E1E /* LaunchScreen.storyboard */; };
		A3EF0D111C48F74400A70E1E /* ToastTests.m in Sources */ = {isa = PBXBuildFile; fileRef = A3EF0D101C48F74400A70E1E /* ToastTests.m */; };
		A3EF0D1C1C48F74400A70E1E /* ToastUITests.m in Sources */ = {isa = PBXBuildFile; fileRef = A3EF0D1B1C48F74400A70E1E /* ToastUITests.m */; };
		A3EF0D301C48F94D00A70E1E /* ListViewController.m in Sources */ = {isa = PBXBuildFile; fileRef = A3EF0D2F1C48F94D00A70E1E /* ListViewController.m */; };
		A3EF0D321C491CAF00A70E1E /* ListViewCell.xib in Resources */ = {isa = PBXBuildFile; fileRef = A3EF0D311C491CAF00A70E1E /* ListViewCell.xib */; };
		A3EF0D351C49465100A70E1E /* ListViewCell.m in Sources */ = {isa = PBXBuildFile; fileRef = A3EF0D341C49465100A70E1E /* ListViewCell.m */; };
		A3EF0D371C4A87A800A70E1E /* PostView.xib in Resources */ = {isa = PBXBuildFile; fileRef = A3EF0D361C4A87A800A70E1E /* PostView.xib */; };
		A3EF0D3A1C4A8C6700A70E1E /* PostViewController.m in Sources */ = {isa = PBXBuildFile; fileRef = A3EF0D391C4A8C6700A70E1E /* PostViewController.m */; };
		CED5579D75FAA00C7115EB30 /* libPods.a in Frameworks */ = {isa = PBXBuildFile; fileRef = 086FEF1084FAC06CDADC6D98 /* libPods.a */; };
/* End PBXBuildFile section */

/* Begin PBXContainerItemProxy section */
		A3EF0D0D1C48F74400A70E1E /* PBXContainerItemProxy */ = {
			isa = PBXContainerItemProxy;
			containerPortal = A3EF0CEB1C48F74400A70E1E /* Project object */;
			proxyType = 1;
			remoteGlobalIDString = A3EF0CF21C48F74400A70E1E;
			remoteInfo = Toast;
		};
		A3EF0D181C48F74400A70E1E /* PBXContainerItemProxy */ = {
			isa = PBXContainerItemProxy;
			containerPortal = A3EF0CEB1C48F74400A70E1E /* Project object */;
			proxyType = 1;
			remoteGlobalIDString = A3EF0CF21C48F74400A70E1E;
			remoteInfo = Toast;
		};
/* End PBXContainerItemProxy section */

/* Begin PBXFileReference section */
		086FEF1084FAC06CDADC6D98 /* libPods.a */ = {isa = PBXFileReference; explicitFileType = archive.ar; includeInIndex = 0; path = libPods.a; sourceTree = BUILT_PRODUCTS_DIR; };
		A3EF0CF31C48F74400A70E1E /* Toast.app */ = {isa = PBXFileReference; explicitFileType = wrapper.application; includeInIndex = 0; path = Toast.app; sourceTree = BUILT_PRODUCTS_DIR; };
		A3EF0CF71C48F74400A70E1E /* main.m */ = {isa = PBXFileReference; lastKnownFileType = sourcecode.c.objc; path = main.m; sourceTree = "<group>"; };
		A3EF0CF91C48F74400A70E1E /* AppDelegate.h */ = {isa = PBXFileReference; lastKnownFileType = sourcecode.c.h; path = AppDelegate.h; sourceTree = "<group>"; };
		A3EF0CFA1C48F74400A70E1E /* AppDelegate.m */ = {isa = PBXFileReference; lastKnownFileType = sourcecode.c.objc; path = AppDelegate.m; sourceTree = "<group>"; };
		A3EF0CFC1C48F74400A70E1E /* ViewController.h */ = {isa = PBXFileReference; lastKnownFileType = sourcecode.c.h; path = ViewController.h; sourceTree = "<group>"; };
		A3EF0CFD1C48F74400A70E1E /* ViewController.m */ = {isa = PBXFileReference; lastKnownFileType = sourcecode.c.objc; path = ViewController.m; sourceTree = "<group>"; };
		A3EF0D001C48F74400A70E1E /* Base */ = {isa = PBXFileReference; lastKnownFileType = file.storyboard; name = Base; path = Base.lproj/Main.storyboard; sourceTree = "<group>"; };
		A3EF0D021C48F74400A70E1E /* Assets.xcassets */ = {isa = PBXFileReference; lastKnownFileType = folder.assetcatalog; path = Assets.xcassets; sourceTree = "<group>"; };
		A3EF0D051C48F74400A70E1E /* Base */ = {isa = PBXFileReference; lastKnownFileType = file.storyboard; name = Base; path = Base.lproj/LaunchScreen.storyboard; sourceTree = "<group>"; };
		A3EF0D071C48F74400A70E1E /* Info.plist */ = {isa = PBXFileReference; lastKnownFileType = text.plist.xml; path = Info.plist; sourceTree = "<group>"; };
		A3EF0D0C1C48F74400A70E1E /* ToastTests.xctest */ = {isa = PBXFileReference; explicitFileType = wrapper.cfbundle; includeInIndex = 0; path = ToastTests.xctest; sourceTree = BUILT_PRODUCTS_DIR; };
		A3EF0D101C48F74400A70E1E /* ToastTests.m */ = {isa = PBXFileReference; lastKnownFileType = sourcecode.c.objc; path = ToastTests.m; sourceTree = "<group>"; };
		A3EF0D121C48F74400A70E1E /* Info.plist */ = {isa = PBXFileReference; lastKnownFileType = text.plist.xml; path = Info.plist; sourceTree = "<group>"; };
		A3EF0D171C48F74400A70E1E /* ToastUITests.xctest */ = {isa = PBXFileReference; explicitFileType = wrapper.cfbundle; includeInIndex = 0; path = ToastUITests.xctest; sourceTree = BUILT_PRODUCTS_DIR; };
		A3EF0D1B1C48F74400A70E1E /* ToastUITests.m */ = {isa = PBXFileReference; lastKnownFileType = sourcecode.c.objc; path = ToastUITests.m; sourceTree = "<group>"; };
		A3EF0D1D1C48F74400A70E1E /* Info.plist */ = {isa = PBXFileReference; lastKnownFileType = text.plist.xml; path = Info.plist; sourceTree = "<group>"; };
		A3EF0D2E1C48F94D00A70E1E /* ListViewController.h */ = {isa = PBXFileReference; fileEncoding = 4; lastKnownFileType = sourcecode.c.h; path = ListViewController.h; sourceTree = "<group>"; };
		A3EF0D2F1C48F94D00A70E1E /* ListViewController.m */ = {isa = PBXFileReference; fileEncoding = 4; lastKnownFileType = sourcecode.c.objc; path = ListViewController.m; sourceTree = "<group>"; };
		A3EF0D311C491CAF00A70E1E /* ListViewCell.xib */ = {isa = PBXFileReference; fileEncoding = 4; lastKnownFileType = file.xib; path = ListViewCell.xib; sourceTree = "<group>"; };
		A3EF0D331C49465100A70E1E /* ListViewCell.h */ = {isa = PBXFileReference; fileEncoding = 4; lastKnownFileType = sourcecode.c.h; path = ListViewCell.h; sourceTree = "<group>"; };
		A3EF0D341C49465100A70E1E /* ListViewCell.m */ = {isa = PBXFileReference; fileEncoding = 4; lastKnownFileType = sourcecode.c.objc; path = ListViewCell.m; sourceTree = "<group>"; };
		A3EF0D361C4A87A800A70E1E /* PostView.xib */ = {isa = PBXFileReference; fileEncoding = 4; lastKnownFileType = file.xib; path = PostView.xib; sourceTree = "<group>"; };
		A3EF0D381C4A8C6700A70E1E /* PostViewController.h */ = {isa = PBXFileReference; fileEncoding = 4; lastKnownFileType = sourcecode.c.h; path = PostViewController.h; sourceTree = "<group>"; };
		A3EF0D391C4A8C6700A70E1E /* PostViewController.m */ = {isa = PBXFileReference; fileEncoding = 4; lastKnownFileType = sourcecode.c.objc; path = PostViewController.m; sourceTree = "<group>"; };
		B7A562C5477951671ECAFCEA /* Pods.release.xcconfig */ = {isa = PBXFileReference; includeInIndex = 1; lastKnownFileType = text.xcconfig; name = Pods.release.xcconfig; path = "Pods/Target Support Files/Pods/Pods.release.xcconfig"; sourceTree = "<group>"; };
		F3AE60C5521B61185FA59C45 /* Pods.debug.xcconfig */ = {isa = PBXFileReference; includeInIndex = 1; lastKnownFileType = text.xcconfig; name = Pods.debug.xcconfig; path = "Pods/Target Support Files/Pods/Pods.debug.xcconfig"; sourceTree = "<group>"; };
/* End PBXFileReference section */

/* Begin PBXFrameworksBuildPhase section */
		A3EF0CF01C48F74400A70E1E /* Frameworks */ = {
			isa = PBXFrameworksBuildPhase;
			buildActionMask = 2147483647;
			files = (
				CED5579D75FAA00C7115EB30 /* libPods.a in Frameworks */,
			);
			runOnlyForDeploymentPostprocessing = 0;
		};
		A3EF0D091C48F74400A70E1E /* Frameworks */ = {
			isa = PBXFrameworksBuildPhase;
			buildActionMask = 2147483647;
			files = (
			);
			runOnlyForDeploymentPostprocessing = 0;
		};
		A3EF0D141C48F74400A70E1E /* Frameworks */ = {
			isa = PBXFrameworksBuildPhase;
			buildActionMask = 2147483647;
			files = (
			);
			runOnlyForDeploymentPostprocessing = 0;
		};
/* End PBXFrameworksBuildPhase section */

/* Begin PBXGroup section */
		4CB2D26B8012A6A7A6A169F0 /* Pods */ = {
			isa = PBXGroup;
			children = (
				F3AE60C5521B61185FA59C45 /* Pods.debug.xcconfig */,
				B7A562C5477951671ECAFCEA /* Pods.release.xcconfig */,
			);
			name = Pods;
			sourceTree = "<group>";
		};
		A3EF0CEA1C48F74400A70E1E = {
			isa = PBXGroup;
			children = (
				A3EF0CF51C48F74400A70E1E /* Toast */,
				A3EF0D0F1C48F74400A70E1E /* ToastTests */,
				A3EF0D1A1C48F74400A70E1E /* ToastUITests */,
				A3EF0CF41C48F74400A70E1E /* Products */,
				4CB2D26B8012A6A7A6A169F0 /* Pods */,
				C17760974C6754BFC91700F0 /* Frameworks */,
			);
			sourceTree = "<group>";
		};
		A3EF0CF41C48F74400A70E1E /* Products */ = {
			isa = PBXGroup;
			children = (
				A3EF0CF31C48F74400A70E1E /* Toast.app */,
				A3EF0D0C1C48F74400A70E1E /* ToastTests.xctest */,
				A3EF0D171C48F74400A70E1E /* ToastUITests.xctest */,
			);
			name = Products;
			sourceTree = "<group>";
		};
		A3EF0CF51C48F74400A70E1E /* Toast */ = {
			isa = PBXGroup;
			children = (
				A3EF0D2D1C48F7D700A70E1E /* Model */,
				A3EF0D2C1C48F7CB00A70E1E /* Controller */,
				A3EF0D2A1C48F7BB00A70E1E /* View */,
				A3EF0CF91C48F74400A70E1E /* AppDelegate.h */,
				A3EF0CFA1C48F74400A70E1E /* AppDelegate.m */,
				A3EF0CFC1C48F74400A70E1E /* ViewController.h */,
				A3EF0CFD1C48F74400A70E1E /* ViewController.m */,
				A3EF0CFF1C48F74400A70E1E /* Main.storyboard */,
				A3EF0D021C48F74400A70E1E /* Assets.xcassets */,
				A3EF0D041C48F74400A70E1E /* LaunchScreen.storyboard */,
				A3EF0D071C48F74400A70E1E /* Info.plist */,
				A3EF0CF61C48F74400A70E1E /* Supporting Files */,
			);
			path = Toast;
			sourceTree = "<group>";
		};
		A3EF0CF61C48F74400A70E1E /* Supporting Files */ = {
			isa = PBXGroup;
			children = (
				A3EF0CF71C48F74400A70E1E /* main.m */,
			);
			name = "Supporting Files";
			sourceTree = "<group>";
		};
		A3EF0D0F1C48F74400A70E1E /* ToastTests */ = {
			isa = PBXGroup;
			children = (
				A3EF0D101C48F74400A70E1E /* ToastTests.m */,
				A3EF0D121C48F74400A70E1E /* Info.plist */,
			);
			path = ToastTests;
			sourceTree = "<group>";
		};
		A3EF0D1A1C48F74400A70E1E /* ToastUITests */ = {
			isa = PBXGroup;
			children = (
				A3EF0D1B1C48F74400A70E1E /* ToastUITests.m */,
				A3EF0D1D1C48F74400A70E1E /* Info.plist */,
			);
			path = ToastUITests;
			sourceTree = "<group>";
		};
		A3EF0D2A1C48F7BB00A70E1E /* View */ = {
			isa = PBXGroup;
			children = (
				A3EF0D311C491CAF00A70E1E /* ListViewCell.xib */,
				A3EF0D331C49465100A70E1E /* ListViewCell.h */,
				A3EF0D341C49465100A70E1E /* ListViewCell.m */,
				A3EF0D361C4A87A800A70E1E /* PostView.xib */,
			);
			name = View;
			sourceTree = "<group>";
		};
		A3EF0D2C1C48F7CB00A70E1E /* Controller */ = {
			isa = PBXGroup;
			children = (
				A3EF0D2E1C48F94D00A70E1E /* ListViewController.h */,
				A3EF0D2F1C48F94D00A70E1E /* ListViewController.m */,
				A3EF0D381C4A8C6700A70E1E /* PostViewController.h */,
				A3EF0D391C4A8C6700A70E1E /* PostViewController.m */,
			);
			name = Controller;
			sourceTree = "<group>";
		};
		A3EF0D2D1C48F7D700A70E1E /* Model */ = {
			isa = PBXGroup;
			children = (
			);
			name = Model;
			sourceTree = "<group>";
		};
		C17760974C6754BFC91700F0 /* Frameworks */ = {
			isa = PBXGroup;
			children = (
				086FEF1084FAC06CDADC6D98 /* libPods.a */,
			);
			name = Frameworks;
			sourceTree = "<group>";
		};
/* End PBXGroup section */

/* Begin PBXNativeTarget section */
		A3EF0CF21C48F74400A70E1E /* Toast */ = {
			isa = PBXNativeTarget;
			buildConfigurationList = A3EF0D201C48F74400A70E1E /* Build configuration list for PBXNativeTarget "Toast" */;
			buildPhases = (
				20323C65BD6BB574E2534E68 /* Check Pods Manifest.lock */,
				A3EF0CEF1C48F74400A70E1E /* Sources */,
				A3EF0CF01C48F74400A70E1E /* Frameworks */,
				A3EF0CF11C48F74400A70E1E /* Resources */,
				643E8222DBF77F9E06E2AF63 /* Embed Pods Frameworks */,
				1697BDD9D6CADE996A02D5DC /* Copy Pods Resources */,
			);
			buildRules = (
			);
			dependencies = (
			);
			name = Toast;
			productName = Toast;
			productReference = A3EF0CF31C48F74400A70E1E /* Toast.app */;
			productType = "com.apple.product-type.application";
		};
		A3EF0D0B1C48F74400A70E1E /* ToastTests */ = {
			isa = PBXNativeTarget;
			buildConfigurationList = A3EF0D231C48F74400A70E1E /* Build configuration list for PBXNativeTarget "ToastTests" */;
			buildPhases = (
				A3EF0D081C48F74400A70E1E /* Sources */,
				A3EF0D091C48F74400A70E1E /* Frameworks */,
				A3EF0D0A1C48F74400A70E1E /* Resources */,
			);
			buildRules = (
			);
			dependencies = (
				A3EF0D0E1C48F74400A70E1E /* PBXTargetDependency */,
			);
			name = ToastTests;
			productName = ToastTests;
			productReference = A3EF0D0C1C48F74400A70E1E /* ToastTests.xctest */;
			productType = "com.apple.product-type.bundle.unit-test";
		};
		A3EF0D161C48F74400A70E1E /* ToastUITests */ = {
			isa = PBXNativeTarget;
			buildConfigurationList = A3EF0D261C48F74400A70E1E /* Build configuration list for PBXNativeTarget "ToastUITests" */;
			buildPhases = (
				A3EF0D131C48F74400A70E1E /* Sources */,
				A3EF0D141C48F74400A70E1E /* Frameworks */,
				A3EF0D151C48F74400A70E1E /* Resources */,
			);
			buildRules = (
			);
			dependencies = (
				A3EF0D191C48F74400A70E1E /* PBXTargetDependency */,
			);
			name = ToastUITests;
			productName = ToastUITests;
			productReference = A3EF0D171C48F74400A70E1E /* ToastUITests.xctest */;
			productType = "com.apple.product-type.bundle.ui-testing";
		};
/* End PBXNativeTarget section */

/* Begin PBXProject section */
		A3EF0CEB1C48F74400A70E1E /* Project object */ = {
			isa = PBXProject;
			attributes = {
				LastUpgradeCheck = 0720;
				ORGANIZATIONNAME = Haonan;
				TargetAttributes = {
					A3EF0CF21C48F74400A70E1E = {
						CreatedOnToolsVersion = 7.2;
					};
					A3EF0D0B1C48F74400A70E1E = {
						CreatedOnToolsVersion = 7.2;
						TestTargetID = A3EF0CF21C48F74400A70E1E;
					};
					A3EF0D161C48F74400A70E1E = {
						CreatedOnToolsVersion = 7.2;
						TestTargetID = A3EF0CF21C48F74400A70E1E;
					};
				};
			};
			buildConfigurationList = A3EF0CEE1C48F74400A70E1E /* Build configuration list for PBXProject "Toast" */;
			compatibilityVersion = "Xcode 3.2";
			developmentRegion = English;
			hasScannedForEncodings = 0;
			knownRegions = (
				en,
				Base,
			);
			mainGroup = A3EF0CEA1C48F74400A70E1E;
			productRefGroup = A3EF0CF41C48F74400A70E1E /* Products */;
			projectDirPath = "";
			projectRoot = "";
			targets = (
				A3EF0CF21C48F74400A70E1E /* Toast */,
				A3EF0D0B1C48F74400A70E1E /* ToastTests */,
				A3EF0D161C48F74400A70E1E /* ToastUITests */,
			);
		};
/* End PBXProject section */

/* Begin PBXResourcesBuildPhase section */
		A3EF0CF11C48F74400A70E1E /* Resources */ = {
			isa = PBXResourcesBuildPhase;
			buildActionMask = 2147483647;
			files = (
				A3EF0D321C491CAF00A70E1E /* ListViewCell.xib in Resources */,
				A3EF0D061C48F74400A70E1E /* LaunchScreen.storyboard in Resources */,
				A3EF0D371C4A87A800A70E1E /* PostView.xib in Resources */,
				A3EF0D031C48F74400A70E1E /* Assets.xcassets in Resources */,
				A3EF0D011C48F74400A70E1E /* Main.storyboard in Resources */,
			);
			runOnlyForDeploymentPostprocessing = 0;
		};
		A3EF0D0A1C48F74400A70E1E /* Resources */ = {
			isa = PBXResourcesBuildPhase;
			buildActionMask = 2147483647;
			files = (
			);
			runOnlyForDeploymentPostprocessing = 0;
		};
		A3EF0D151C48F74400A70E1E /* Resources */ = {
			isa = PBXResourcesBuildPhase;
			buildActionMask = 2147483647;
			files = (
			);
			runOnlyForDeploymentPostprocessing = 0;
		};
/* End PBXResourcesBuildPhase section */

/* Begin PBXShellScriptBuildPhase section */
		1697BDD9D6CADE996A02D5DC /* Copy Pods Resources */ = {
			isa = PBXShellScriptBuildPhase;
			buildActionMask = 2147483647;
			files = (
			);
			inputPaths = (
			);
			name = "Copy Pods Resources";
			outputPaths = (
			);
			runOnlyForDeploymentPostprocessing = 0;
			shellPath = /bin/sh;
			shellScript = "\"${SRCROOT}/Pods/Target Support Files/Pods/Pods-resources.sh\"\n";
			showEnvVarsInLog = 0;
		};
		20323C65BD6BB574E2534E68 /* Check Pods Manifest.lock */ = {
			isa = PBXShellScriptBuildPhase;
			buildActionMask = 2147483647;
			files = (
			);
			inputPaths = (
			);
			name = "Check Pods Manifest.lock";
			outputPaths = (
			);
			runOnlyForDeploymentPostprocessing = 0;
			shellPath = /bin/sh;
			shellScript = "diff \"${PODS_ROOT}/../Podfile.lock\" \"${PODS_ROOT}/Manifest.lock\" > /dev/null\nif [[ $? != 0 ]] ; then\n    cat << EOM\nerror: The sandbox is not in sync with the Podfile.lock. Run 'pod install' or update your CocoaPods installation.\nEOM\n    exit 1\nfi\n";
			showEnvVarsInLog = 0;
		};
		643E8222DBF77F9E06E2AF63 /* Embed Pods Frameworks */ = {
			isa = PBXShellScriptBuildPhase;
			buildActionMask = 2147483647;
			files = (
			);
			inputPaths = (
			);
			name = "Embed Pods Frameworks";
			outputPaths = (
			);
			runOnlyForDeploymentPostprocessing = 0;
			shellPath = /bin/sh;
			shellScript = "\"${SRCROOT}/Pods/Target Support Files/Pods/Pods-frameworks.sh\"\n";
			showEnvVarsInLog = 0;
		};
/* End PBXShellScriptBuildPhase section */

/* Begin PBXSourcesBuildPhase section */
		A3EF0CEF1C48F74400A70E1E /* Sources */ = {
			isa = PBXSourcesBuildPhase;
			buildActionMask = 2147483647;
			files = (
				A3EF0CFE1C48F74400A70E1E /* ViewController.m in Sources */,
				A3EF0CFB1C48F74400A70E1E /* AppDelegate.m in Sources */,
				A3EF0D3A1C4A8C6700A70E1E /* PostViewController.m in Sources */,
				A3EF0D351C49465100A70E1E /* ListViewCell.m in Sources */,
				A3EF0D301C48F94D00A70E1E /* ListViewController.m in Sources */,
				A3EF0CF81C48F74400A70E1E /* main.m in Sources */,
			);
			runOnlyForDeploymentPostprocessing = 0;
		};
		A3EF0D081C48F74400A70E1E /* Sources */ = {
			isa = PBXSourcesBuildPhase;
			buildActionMask = 2147483647;
			files = (
				A3EF0D111C48F74400A70E1E /* ToastTests.m in Sources */,
			);
			runOnlyForDeploymentPostprocessing = 0;
		};
		A3EF0D131C48F74400A70E1E /* Sources */ = {
			isa = PBXSourcesBuildPhase;
			buildActionMask = 2147483647;
			files = (
				A3EF0D1C1C48F74400A70E1E /* ToastUITests.m in Sources */,
			);
			runOnlyForDeploymentPostprocessing = 0;
		};
/* End PBXSourcesBuildPhase section */

/* Begin PBXTargetDependency section */
		A3EF0D0E1C48F74400A70E1E /* PBXTargetDependency */ = {
			isa = PBXTargetDependency;
			target = A3EF0CF21C48F74400A70E1E /* Toast */;
			targetProxy = A3EF0D0D1C48F74400A70E1E /* PBXContainerItemProxy */;
		};
		A3EF0D191C48F74400A70E1E /* PBXTargetDependency */ = {
			isa = PBXTargetDependency;
			target = A3EF0CF21C48F74400A70E1E /* Toast */;
			targetProxy = A3EF0D181C48F74400A70E1E /* PBXContainerItemProxy */;
		};
/* End PBXTargetDependency section */

/* Begin PBXVariantGroup section */
		A3EF0CFF1C48F74400A70E1E /* Main.storyboard */ = {
			isa = PBXVariantGroup;
			children = (
				A3EF0D001C48F74400A70E1E /* Base */,
			);
			name = Main.storyboard;
			sourceTree = "<group>";
		};
		A3EF0D041C48F74400A70E1E /* LaunchScreen.storyboard */ = {
			isa = PBXVariantGroup;
			children = (
				A3EF0D051C48F74400A70E1E /* Base */,
			);
			name = LaunchScreen.storyboard;
			sourceTree = "<group>";
		};
/* End PBXVariantGroup section */

/* Begin XCBuildConfiguration section */
		A3EF0D1E1C48F74400A70E1E /* Debug */ = {
			isa = XCBuildConfiguration;
			buildSettings = {
				ALWAYS_SEARCH_USER_PATHS = NO;
				CLANG_CXX_LANGUAGE_STANDARD = "gnu++0x";
				CLANG_CXX_LIBRARY = "libc++";
				CLANG_ENABLE_MODULES = YES;
				CLANG_ENABLE_OBJC_ARC = YES;
				CLANG_WARN_BOOL_CONVERSION = YES;
				CLANG_WARN_CONSTANT_CONVERSION = YES;
				CLANG_WARN_DIRECT_OBJC_ISA_USAGE = YES_ERROR;
				CLANG_WARN_EMPTY_BODY = YES;
				CLANG_WARN_ENUM_CONVERSION = YES;
				CLANG_WARN_INT_CONVERSION = YES;
				CLANG_WARN_OBJC_ROOT_CLASS = YES_ERROR;
				CLANG_WARN_UNREACHABLE_CODE = YES;
				CLANG_WARN__DUPLICATE_METHOD_MATCH = YES;
				"CODE_SIGN_IDENTITY[sdk=iphoneos*]" = "iPhone Developer";
				COPY_PHASE_STRIP = NO;
				DEBUG_INFORMATION_FORMAT = dwarf;
				ENABLE_STRICT_OBJC_MSGSEND = YES;
				ENABLE_TESTABILITY = YES;
				GCC_C_LANGUAGE_STANDARD = gnu99;
				GCC_DYNAMIC_NO_PIC = NO;
				GCC_NO_COMMON_BLOCKS = YES;
				GCC_OPTIMIZATION_LEVEL = 0;
				GCC_PREPROCESSOR_DEFINITIONS = (
					"DEBUG=1",
					"$(inherited)",
				);
				GCC_WARN_64_TO_32_BIT_CONVERSION = YES;
				GCC_WARN_ABOUT_RETURN_TYPE = YES_ERROR;
				GCC_WARN_UNDECLARED_SELECTOR = YES;
				GCC_WARN_UNINITIALIZED_AUTOS = YES_AGGRESSIVE;
				GCC_WARN_UNUSED_FUNCTION = YES;
				GCC_WARN_UNUSED_VARIABLE = YES;
				IPHONEOS_DEPLOYMENT_TARGET = 9.2;
				MTL_ENABLE_DEBUG_INFO = YES;
				ONLY_ACTIVE_ARCH = YES;
				SDKROOT = iphoneos;
				TARGETED_DEVICE_FAMILY = "1,2";
			};
			name = Debug;
		};
		A3EF0D1F1C48F74400A70E1E /* Release */ = {
			isa = XCBuildConfiguration;
			buildSettings = {
				ALWAYS_SEARCH_USER_PATHS = NO;
				CLANG_CXX_LANGUAGE_STANDARD = "gnu++0x";
				CLANG_CXX_LIBRARY = "libc++";
				CLANG_ENABLE_MODULES = YES;
				CLANG_ENABLE_OBJC_ARC = YES;
				CLANG_WARN_BOOL_CONVERSION = YES;
				CLANG_WARN_CONSTANT_CONVERSION = YES;
				CLANG_WARN_DIRECT_OBJC_ISA_USAGE = YES_ERROR;
				CLANG_WARN_EMPTY_BODY = YES;
				CLANG_WARN_ENUM_CONVERSION = YES;
				CLANG_WARN_INT_CONVERSION = YES;
				CLANG_WARN_OBJC_ROOT_CLASS = YES_ERROR;
				CLANG_WARN_UNREACHABLE_CODE = YES;
				CLANG_WARN__DUPLICATE_METHOD_MATCH = YES;
				"CODE_SIGN_IDENTITY[sdk=iphoneos*]" = "iPhone Developer";
				COPY_PHASE_STRIP = NO;
				DEBUG_INFORMATION_FORMAT = "dwarf-with-dsym";
				ENABLE_NS_ASSERTIONS = NO;
				ENABLE_STRICT_OBJC_MSGSEND = YES;
				GCC_C_LANGUAGE_STANDARD = gnu99;
				GCC_NO_COMMON_BLOCKS = YES;
				GCC_WARN_64_TO_32_BIT_CONVERSION = YES;
				GCC_WARN_ABOUT_RETURN_TYPE = YES_ERROR;
				GCC_WARN_UNDECLARED_SELECTOR = YES;
				GCC_WARN_UNINITIALIZED_AUTOS = YES_AGGRESSIVE;
				GCC_WARN_UNUSED_FUNCTION = YES;
				GCC_WARN_UNUSED_VARIABLE = YES;
				IPHONEOS_DEPLOYMENT_TARGET = 9.2;
				MTL_ENABLE_DEBUG_INFO = NO;
				SDKROOT = iphoneos;
				TARGETED_DEVICE_FAMILY = "1,2";
				VALIDATE_PRODUCT = YES;
			};
			name = Release;
		};
		A3EF0D211C48F74400A70E1E /* Debug */ = {
			isa = XCBuildConfiguration;
			baseConfigurationReference = F3AE60C5521B61185FA59C45 /* Pods.debug.xcconfig */;
			buildSettings = {
				ASSETCATALOG_COMPILER_APPICON_NAME = AppIcon;
				INFOPLIST_FILE = Toast/Info.plist;
				LD_RUNPATH_SEARCH_PATHS = "$(inherited) @executable_path/Frameworks";
				PRODUCT_BUNDLE_IDENTIFIER = com.zsns.Toast;
				PRODUCT_NAME = "$(TARGET_NAME)";
			};
			name = Debug;
		};
		A3EF0D221C48F74400A70E1E /* Release */ = {
			isa = XCBuildConfiguration;
			baseConfigurationReference = B7A562C5477951671ECAFCEA /* Pods.release.xcconfig */;
			buildSettings = {
				ASSETCATALOG_COMPILER_APPICON_NAME = AppIcon;
				INFOPLIST_FILE = Toast/Info.plist;
				LD_RUNPATH_SEARCH_PATHS = "$(inherited) @executable_path/Frameworks";
				PRODUCT_BUNDLE_IDENTIFIER = com.zsns.Toast;
				PRODUCT_NAME = "$(TARGET_NAME)";
			};
			name = Release;
		};
		A3EF0D241C48F74400A70E1E /* Debug */ = {
			isa = XCBuildConfiguration;
			buildSettings = {
				BUNDLE_LOADER = "$(TEST_HOST)";
				INFOPLIST_FILE = ToastTests/Info.plist;
				LD_RUNPATH_SEARCH_PATHS = "$(inherited) @executable_path/Frameworks @loader_path/Frameworks";
				PRODUCT_BUNDLE_IDENTIFIER = com.zsns.ToastTests;
				PRODUCT_NAME = "$(TARGET_NAME)";
				TEST_HOST = "$(BUILT_PRODUCTS_DIR)/Toast.app/Toast";
			};
			name = Debug;
		};
		A3EF0D251C48F74400A70E1E /* Release */ = {
			isa = XCBuildConfiguration;
			buildSettings = {
				BUNDLE_LOADER = "$(TEST_HOST)";
				INFOPLIST_FILE = ToastTests/Info.plist;
				LD_RUNPATH_SEARCH_PATHS = "$(inherited) @executable_path/Frameworks @loader_path/Frameworks";
				PRODUCT_BUNDLE_IDENTIFIER = com.zsns.ToastTests;
				PRODUCT_NAME = "$(TARGET_NAME)";
				TEST_HOST = "$(BUILT_PRODUCTS_DIR)/Toast.app/Toast";
			};
			name = Release;
		};
		A3EF0D271C48F74400A70E1E /* Debug */ = {
			isa = XCBuildConfiguration;
			buildSettings = {
				INFOPLIST_FILE = ToastUITests/Info.plist;
				LD_RUNPATH_SEARCH_PATHS = "$(inherited) @executable_path/Frameworks @loader_path/Frameworks";
				PRODUCT_BUNDLE_IDENTIFIER = com.zsns.ToastUITests;
				PRODUCT_NAME = "$(TARGET_NAME)";
				TEST_TARGET_NAME = Toast;
				USES_XCTRUNNER = YES;
			};
			name = Debug;
		};
		A3EF0D281C48F74400A70E1E /* Release */ = {
			isa = XCBuildConfiguration;
			buildSettings = {
				INFOPLIST_FILE = ToastUITests/Info.plist;
				LD_RUNPATH_SEARCH_PATHS = "$(inherited) @executable_path/Frameworks @loader_path/Frameworks";
				PRODUCT_BUNDLE_IDENTIFIER = com.zsns.ToastUITests;
				PRODUCT_NAME = "$(TARGET_NAME)";
				TEST_TARGET_NAME = Toast;
				USES_XCTRUNNER = YES;
			};
			name = Release;
		};
/* End XCBuildConfiguration section */

/* Begin XCConfigurationList section */
		A3EF0CEE1C48F74400A70E1E /* Build configuration list for PBXProject "Toast" */ = {
			isa = XCConfigurationList;
			buildConfigurations = (
				A3EF0D1E1C48F74400A70E1E /* Debug */,
				A3EF0D1F1C48F74400A70E1E /* Release */,
			);
			defaultConfigurationIsVisible = 0;
			defaultConfigurationName = Release;
		};
		A3EF0D201C48F74400A70E1E /* Build configuration list for PBXNativeTarget "Toast" */ = {
			isa = XCConfigurationList;
			buildConfigurations = (
				A3EF0D211C48F74400A70E1E /* Debug */,
				A3EF0D221C48F74400A70E1E /* Release */,
			);
			defaultConfigurationIsVisible = 0;
			defaultConfigurationName = Release;
		};
		A3EF0D231C48F74400A70E1E /* Build configuration list for PBXNativeTarget "ToastTests" */ = {
			isa = XCConfigurationList;
			buildConfigurations = (
				A3EF0D241C48F74400A70E1E /* Debug */,
				A3EF0D251C48F74400A70E1E /* Release */,
			);
			defaultConfigurationIsVisible = 0;
			defaultConfigurationName = Release;
		};
		A3EF0D261C48F74400A70E1E /* Build configuration list for PBXNativeTarget "ToastUITests" */ = {
			isa = XCConfigurationList;
			buildConfigurations = (
				A3EF0D271C48F74400A70E1E /* Debug */,
				A3EF0D281C48F74400A70E1E /* Release */,
			);
			defaultConfigurationIsVisible = 0;
			defaultConfigurationName = Release;
		};
/* End XCConfigurationList section */
	};
	rootObject = A3EF0CEB1C48F74400A70E1E /* Project object */;
}
